{"format_version":"1.1","terraform_version":"1.3.0","planned_values":{"root_module":{"resources":[{"address":"aws_autoscaling_group.my_asg","mode":"managed","type":"aws_autoscaling_group","name":"my_asg","provider_name":"registry.terraform.io/hashicorp/aws","schema_version":0,"values":{"availability_zones":["us-west-1a"],"capacity_rebalance":null,"context":null,"default_instance_warmup":null,"desired_capacity":4,"enabled_metrics":null,"force_delete":true,"force_delete_warm_pool":false,"health_check_grace_period":300,"health_check_type":"ELB","initial_lifecycle_hook":[],"instance_refresh":[],"launch_configuration":"my_web_config","launch_template":[],"load_balancers":null,"max_instance_lifetime":null,"max_size":5,"metrics_granularity":"1Minute","min_elb_capacity":null,"min_size":1,"mixed_instances_policy":[],"name":"my_asg","placement_group":null,"protect_from_scale_in":false,"suspended_processes":null,"tag":[],"tags":null,"target_group_arns":null,"termination_policies":null,"timeouts":null,"wait_for_capacity_timeout":"10m","wait_for_elb_capacity":null,"warm_pool":[]},"sensitive_values":{"availability_zones":[false],"initial_lifecycle_hook":[],"instance_refresh":[],"launch_template":[],"mixed_instances_policy":[],"tag":[],"vpc_zone_identifier":[],"warm_pool":[]}},{"address":"aws_eip.lb","mode":"managed","type":"aws_eip","name":"lb","provider_name":"registry.terraform.io/hashicorp/aws","schema_version":0,"values":{"address":null,"associate_with_private_ip":null,"customer_owned_ipv4_pool":null,"tags":null,"timeouts":null,"vpc":true},"sensitive_values":{"tags_all":{}}},{"address":"aws_iam_role.ec2_s3_access_role","mode":"managed","type":"aws_iam_role","name":"ec2_s3_access_role","provider_name":"registry.terraform.io/hashicorp/aws","schema_version":0,"values":{"assume_role_policy":"{\"Statement\":[{\"Action\":\"sts:AssumeRole\",\"Effect\":\"Allow\",\"Principal\":{\"Service\":\"ec2.amazonaws.com\"},\"Sid\":\"\"}],\"Version\":\"2012-10-17\"}","description":null,"force_detach_policies":false,"max_session_duration":3600,"name":"s3-role","path":"/","permissions_boundary":null,"tags":null},"sensitive_values":{"inline_policy":[],"managed_policy_arns":[],"tags_all":{}}},{"address":"aws_instance.web","mode":"managed","type":"aws_instance","name":"web","provider_name":"registry.terraform.io/hashicorp/aws","schema_version":1,"values":{"ami":"ami-09b4b74c","credit_specification":[],"get_password_data":false,"hibernation":null,"iam_instance_profile":null,"instance_type":"t2.micro","launch_template":[],"source_dest_check":true,"tags":null,"timeouts":null,"user_data_replace_on_change":false,"volume_tags":null},"sensitive_values":{"capacity_reservation_specification":[],"credit_specification":[],"ebs_block_device":[],"enclave_options":[],"ephemeral_block_device":[],"ipv6_addresses":[],"launch_template":[],"maintenance_options":[],"metadata_options":[],"network_interface":[],"private_dns_name_options":[],"root_block_device":[],"secondary_private_ips":[],"security_groups":[],"tags_all":{},"vpc_security_group_ids":[]}},{"address":"aws_launch_configuration.my_web_config","mode":"managed","type":"aws_launch_configuration","name":"my_web_config","provider_name":"registry.terraform.io/hashicorp/aws","schema_version":0,"values":{"enable_monitoring":true,"ephemeral_block_device":[],"iam_instance_profile":null,"image_id":"ami-09b4b74c","instance_type":"t2.micro","name":"my_web_config","placement_tenancy":null,"security_groups":null,"spot_price":null,"user_data":null,"user_data_base64":null,"vpc_classic_link_id":null,"vpc_classic_link_security_groups":null},"sensitive_values":{"ebs_block_device":[],"ephemeral_block_device":[],"metadata_options":[],"root_block_device":[]}},{"address":"aws_s3_bucket.demos3","mode":"managed","type":"aws_s3_bucket","name":"demos3","provider_name":"registry.terraform.io/hashicorp/aws","schema_version":0,"values":{"acl":"private","bucket":"opa-test","bucket_prefix":null,"force_destroy":false,"tags":null,"timeouts":null},"sensitive_values":{"cors_rule":[],"grant":[],"lifecycle_rule":[],"logging":[],"object_lock_configuration":[],"replication_configuration":[],"server_side_encryption_configuration":[],"tags_all":{},"versioning":[],"website":[]}},{"address":"aws_security_group.demo-sg","mode":"managed","type":"aws_security_group","name":"demo-sg","provider_name":"registry.terraform.io/hashicorp/aws","schema_version":1,"values":{"description":"Allow HTTP and SSH traffic via Terraform","egress":[{"cidr_blocks":["0.0.0.0/0"],"description":"","from_port":0,"ipv6_cidr_blocks":[],"prefix_list_ids":[],"protocol":"-1","security_groups":[],"self":false,"to_port":0}],"ingress":[{"cidr_blocks":["0.0.0.0/0"],"description":"","from_port":22,"ipv6_cidr_blocks":[],"prefix_list_ids":[],"protocol":"tcp","security_groups":[],"self":false,"to_port":22},{"cidr_blocks":["0.0.0.0/0"],"description":"","from_port":80,"ipv6_cidr_blocks":[],"prefix_list_ids":[],"protocol":"tcp","security_groups":[],"self":false,"to_port":80}],"name":"sec-grp","revoke_rules_on_delete":false,"tags":null,"timeouts":null},"sensitive_values":{"egress":[{"cidr_blocks":[false],"ipv6_cidr_blocks":[],"prefix_list_ids":[],"security_groups":[]}],"ingress":[{"cidr_blocks":[false],"ipv6_cidr_blocks":[],"prefix_list_ids":[],"security_groups":[]},{"cidr_blocks":[false],"ipv6_cidr_blocks":[],"prefix_list_ids":[],"security_groups":[]}],"tags_all":{}}}]}},"resource_changes":[{"address":"aws_autoscaling_group.my_asg","mode":"managed","type":"aws_autoscaling_group","name":"my_asg","provider_name":"registry.terraform.io/hashicorp/aws","change":{"actions":["create"],"before":null,"after":{"availability_zones":["us-west-1a"],"capacity_rebalance":null,"context":null,"default_instance_warmup":null,"desired_capacity":4,"enabled_metrics":null,"force_delete":true,"force_delete_warm_pool":false,"health_check_grace_period":300,"health_check_type":"ELB","initial_lifecycle_hook":[],"instance_refresh":[],"launch_configuration":"my_web_config","launch_template":[],"load_balancers":null,"max_instance_lifetime":null,"max_size":5,"metrics_granularity":"1Minute","min_elb_capacity":null,"min_size":1,"mixed_instances_policy":[],"name":"my_asg","placement_group":null,"protect_from_scale_in":false,"suspended_processes":null,"tag":[],"tags":null,"target_group_arns":null,"termination_policies":null,"timeouts":null,"wait_for_capacity_timeout":"10m","wait_for_elb_capacity":null,"warm_pool":[]},"after_unknown":{"arn":true,"availability_zones":[false],"default_cooldown":true,"id":true,"initial_lifecycle_hook":[],"instance_refresh":[],"launch_template":[],"mixed_instances_policy":[],"name_prefix":true,"service_linked_role_arn":true,"tag":[],"vpc_zone_identifier":true,"warm_pool":[]},"before_sensitive":false,"after_sensitive":{"availability_zones":[false],"initial_lifecycle_hook":[],"instance_refresh":[],"launch_template":[],"mixed_instances_policy":[],"tag":[],"vpc_zone_identifier":[],"warm_pool":[]}}},{"address":"aws_eip.lb","mode":"managed","type":"aws_eip","name":"lb","provider_name":"registry.terraform.io/hashicorp/aws","change":{"actions":["create"],"before":null,"after":{"address":null,"associate_with_private_ip":null,"customer_owned_ipv4_pool":null,"tags":null,"timeouts":null,"vpc":true},"after_unknown":{"allocation_id":true,"association_id":true,"carrier_ip":true,"customer_owned_ip":true,"domain":true,"id":true,"instance":true,"network_border_group":true,"network_interface":true,"private_dns":true,"private_ip":true,"public_dns":true,"public_ip":true,"public_ipv4_pool":true,"tags_all":true},"before_sensitive":false,"after_sensitive":{"tags_all":{}}}},{"address":"aws_iam_role.ec2_s3_access_role","mode":"managed","type":"aws_iam_role","name":"ec2_s3_access_role","provider_name":"registry.terraform.io/hashicorp/aws","change":{"actions":["create"],"before":null,"after":{"assume_role_policy":"{\"Statement\":[{\"Action\":\"sts:AssumeRole\",\"Effect\":\"Allow\",\"Principal\":{\"Service\":\"ec2.amazonaws.com\"},\"Sid\":\"\"}],\"Version\":\"2012-10-17\"}","description":null,"force_detach_policies":false,"max_session_duration":3600,"name":"s3-role","path":"/","permissions_boundary":null,"tags":null},"after_unknown":{"arn":true,"create_date":true,"id":true,"inline_policy":true,"managed_policy_arns":true,"name_prefix":true,"tags_all":true,"unique_id":true},"before_sensitive":false,"after_sensitive":{"inline_policy":[],"managed_policy_arns":[],"tags_all":{}}}},{"address":"aws_instance.web","mode":"managed","type":"aws_instance","name":"web","provider_name":"registry.terraform.io/hashicorp/aws","change":{"actions":["create"],"before":null,"after":{"ami":"ami-09b4b74c","credit_specification":[],"get_password_data":false,"hibernation":null,"iam_instance_profile":null,"instance_type":"t2.micro","launch_template":[],"source_dest_check":true,"tags":null,"timeouts":null,"user_data_replace_on_change":false,"volume_tags":null},"after_unknown":{"arn":true,"associate_public_ip_address":true,"availability_zone":true,"capacity_reservation_specification":true,"cpu_core_count":true,"cpu_threads_per_core":true,"credit_specification":[],"disable_api_stop":true,"disable_api_termination":true,"ebs_block_device":true,"ebs_optimized":true,"enclave_options":true,"ephemeral_block_device":true,"host_id":true,"host_resource_group_arn":true,"id":true,"instance_initiated_shutdown_behavior":true,"instance_state":true,"ipv6_address_count":true,"ipv6_addresses":true,"key_name":true,"launch_template":[],"maintenance_options":true,"metadata_options":true,"monitoring":true,"network_interface":true,"outpost_arn":true,"password_data":true,"placement_group":true,"placement_partition_number":true,"primary_network_interface_id":true,"private_dns":true,"private_dns_name_options":true,"private_ip":true,"public_dns":true,"public_ip":true,"root_block_device":true,"secondary_private_ips":true,"security_groups":true,"subnet_id":true,"tags_all":true,"tenancy":true,"user_data":true,"user_data_base64":true,"vpc_security_group_ids":true},"before_sensitive":false,"after_sensitive":{"capacity_reservation_specification":[],"credit_specification":[],"ebs_block_device":[],"enclave_options":[],"ephemeral_block_device":[],"ipv6_addresses":[],"launch_template":[],"maintenance_options":[],"metadata_options":[],"network_interface":[],"private_dns_name_options":[],"root_block_device":[],"secondary_private_ips":[],"security_groups":[],"tags_all":{},"vpc_security_group_ids":[]}}},{"address":"aws_launch_configuration.my_web_config","mode":"managed","type":"aws_launch_configuration","name":"my_web_config","provider_name":"registry.terraform.io/hashicorp/aws","change":{"actions":["create"],"before":null,"after":{"enable_monitoring":true,"ephemeral_block_device":[],"iam_instance_profile":null,"image_id":"ami-09b4b74c","instance_type":"t2.micro","name":"my_web_config","placement_tenancy":null,"security_groups":null,"spot_price":null,"user_data":null,"user_data_base64":null,"vpc_classic_link_id":null,"vpc_classic_link_security_groups":null},"after_unknown":{"arn":true,"associate_public_ip_address":true,"ebs_block_device":true,"ebs_optimized":true,"ephemeral_block_device":[],"id":true,"key_name":true,"metadata_options":true,"name_prefix":true,"root_block_device":true},"before_sensitive":false,"after_sensitive":{"ebs_block_device":[],"ephemeral_block_device":[],"metadata_options":[],"root_block_device":[]}}},{"address":"aws_s3_bucket.demos3","mode":"managed","type":"aws_s3_bucket","name":"demos3","provider_name":"registry.terraform.io/hashicorp/aws","change":{"actions":["create"],"before":null,"after":{"acl":"private","bucket":"opa-test","bucket_prefix":null,"force_destroy":false,"tags":null,"timeouts":null},"after_unknown":{"acceleration_status":true,"arn":true,"bucket_domain_name":true,"bucket_regional_domain_name":true,"cors_rule":true,"grant":true,"hosted_zone_id":true,"id":true,"lifecycle_rule":true,"logging":true,"object_lock_configuration":true,"object_lock_enabled":true,"policy":true,"region":true,"replication_configuration":true,"request_payer":true,"server_side_encryption_configuration":true,"tags_all":true,"versioning":true,"website":true,"website_domain":true,"website_endpoint":true},"before_sensitive":false,"after_sensitive":{"cors_rule":[],"grant":[],"lifecycle_rule":[],"logging":[],"object_lock_configuration":[],"replication_configuration":[],"server_side_encryption_configuration":[],"tags_all":{},"versioning":[],"website":[]}}},{"address":"aws_security_group.demo-sg","mode":"managed","type":"aws_security_group","name":"demo-sg","provider_name":"registry.terraform.io/hashicorp/aws","change":{"actions":["create"],"before":null,"after":{"description":"Allow HTTP and SSH traffic via Terraform","egress":[{"cidr_blocks":["0.0.0.0/0"],"description":"","from_port":0,"ipv6_cidr_blocks":[],"prefix_list_ids":[],"protocol":"-1","security_groups":[],"self":false,"to_port":0}],"ingress":[{"cidr_blocks":["0.0.0.0/0"],"description":"","from_port":22,"ipv6_cidr_blocks":[],"prefix_list_ids":[],"protocol":"tcp","security_groups":[],"self":false,"to_port":22},{"cidr_blocks":["0.0.0.0/0"],"description":"","from_port":80,"ipv6_cidr_blocks":[],"prefix_list_ids":[],"protocol":"tcp","security_groups":[],"self":false,"to_port":80}],"name":"sec-grp","revoke_rules_on_delete":false,"tags":null,"timeouts":null},"after_unknown":{"arn":true,"egress":[{"cidr_blocks":[false],"ipv6_cidr_blocks":[],"prefix_list_ids":[],"security_groups":[]}],"id":true,"ingress":[{"cidr_blocks":[false],"ipv6_cidr_blocks":[],"prefix_list_ids":[],"security_groups":[]},{"cidr_blocks":[false],"ipv6_cidr_blocks":[],"prefix_list_ids":[],"security_groups":[]}],"name_prefix":true,"owner_id":true,"tags_all":true,"vpc_id":true},"before_sensitive":false,"after_sensitive":{"egress":[{"cidr_blocks":[false],"ipv6_cidr_blocks":[],"prefix_list_ids":[],"security_groups":[]}],"ingress":[{"cidr_blocks":[false],"ipv6_cidr_blocks":[],"prefix_list_ids":[],"security_groups":[]},{"cidr_blocks":[false],"ipv6_cidr_blocks":[],"prefix_list_ids":[],"security_groups":[]}],"tags_all":{}}}}],"configuration":{"provider_config":{"aws":{"name":"aws","full_name":"registry.terraform.io/hashicorp/aws","expressions":{"region":{"constant_value":"us-west-1"}}}},"root_module":{"resources":[{"address":"aws_autoscaling_group.my_asg","mode":"managed","type":"aws_autoscaling_group","name":"my_asg","provider_config_key":"aws","expressions":{"availability_zones":{"constant_value":["us-west-1a"]},"desired_capacity":{"constant_value":4},"force_delete":{"constant_value":true},"health_check_grace_period":{"constant_value":300},"health_check_type":{"constant_value":"ELB"},"launch_configuration":{"constant_value":"my_web_config"},"max_size":{"constant_value":5},"min_size":{"constant_value":1},"name":{"constant_value":"my_asg"}},"schema_version":0},{"address":"aws_eip.lb","mode":"managed","type":"aws_eip","name":"lb","provider_config_key":"aws","expressions":{"instance":{"references":["aws_instance.web.id","aws_instance.web"]},"vpc":{"constant_value":true}},"schema_version":0},{"address":"aws_iam_role.ec2_s3_access_role","mode":"managed","type":"aws_iam_role","name":"ec2_s3_access_role","provider_config_key":"aws","expressions":{"assume_role_policy":{},"name":{"constant_value":"s3-role"}},"schema_version":0},{"address":"aws_instance.web","mode":"managed","type":"aws_instance","name":"web","provider_config_key":"aws","expressions":{"ami":{"constant_value":"ami-09b4b74c"},"instance_type":{"constant_value":"t2.micro"}},"schema_version":1},{"address":"aws_launch_configuration.my_web_config","mode":"managed","type":"aws_launch_configuration","name":"my_web_config","provider_config_key":"aws","expressions":{"image_id":{"constant_value":"ami-09b4b74c"},"instance_type":{"constant_value":"t2.micro"},"name":{"constant_value":"my_web_config"}},"schema_version":0},{"address":"aws_s3_bucket.demos3","mode":"managed","type":"aws_s3_bucket","name":"demos3","provider_config_key":"aws","expressions":{"acl":{"constant_value":"private"},"bucket":{"constant_value":"opa-test"}},"schema_version":0},{"address":"aws_security_group.demo-sg","mode":"managed","type":"aws_security_group","name":"demo-sg","provider_config_key":"aws","expressions":{"description":{"constant_value":"Allow HTTP and SSH traffic via Terraform"},"egress":{"constant_value":[{"cidr_blocks":["0.0.0.0/0"],"description":null,"from_port":0,"ipv6_cidr_blocks":null,"prefix_list_ids":null,"protocol":"-1","security_groups":null,"self":null,"to_port":0}]},"ingress":{"constant_value":[{"cidr_blocks":["0.0.0.0/0"],"description":null,"from_port":80,"ipv6_cidr_blocks":null,"prefix_list_ids":null,"protocol":"tcp","security_groups":null,"self":null,"to_port":80},{"cidr_blocks":["0.0.0.0/0"],"description":null,"from_port":22,"ipv6_cidr_blocks":null,"prefix_list_ids":null,"protocol":"tcp","security_groups":null,"self":null,"to_port":22}]},"name":{"constant_value":"sec-grp"}},"schema_version":1}]}},"relevant_attributes":[{"resource":"aws_instance.web","attribute":["id"]}]}
