{"format_version":"1.1","terraform_version":"1.3.0","planned_values":{"root_module":{"resources":[{"address":"aws_autoscaling_group.my_asg","mode":"managed","type":"aws_autoscaling_group","name":"my_asg","provider_name":"registry.terraform.io/hashicorp/aws","schema_version":0,"values":{"availability_zones":["us-west-1a"],"capacity_rebalance":null,"context":null,"default_instance_warmup":null,"desired_capacity":4,"enabled_metrics":null,"force_delete":true,"force_delete_warm_pool":false,"health_check_grace_period":300,"health_check_type":"ELB","initial_lifecycle_hook":[],"instance_refresh":[],"launch_configuration":"my_web_config","launch_template":[],"load_balancers":null,"max_instance_lifetime":null,"max_size":5,"metrics_granularity":"1Minute","min_elb_capacity":null,"min_size":1,"mixed_instances_policy":[],"name":"my_asg","placement_group":null,"protect_from_scale_in":false,"suspended_processes":null,"tag":[],"tags":null,"target_group_arns":null,"termination_policies":null,"timeouts":null,"wait_for_capacity_timeout":"10m","wait_for_elb_capacity":null,"warm_pool":[]},"sensitive_values":{"availability_zones":[false],"initial_lifecycle_hook":[],"instance_refresh":[],"launch_template":[],"mixed_instances_policy":[],"tag":[],"vpc_zone_identifier":[],"warm_pool":[]}},{"address":"aws_autoscaling_group.my_asg2","mode":"managed","type":"aws_autoscaling_group","name":"my_asg2","provider_name":"registry.terraform.io/hashicorp/aws","schema_version":0,"values":{"availability_zones":["us-west-2a"],"capacity_rebalance":null,"context":null,"default_instance_warmup":null,"desired_capacity":4,"enabled_metrics":null,"force_delete":true,"force_delete_warm_pool":false,"health_check_grace_period":300,"health_check_type":"ELB","initial_lifecycle_hook":[],"instance_refresh":[],"launch_configuration":"my_web_config","launch_template":[],"load_balancers":null,"max_instance_lifetime":null,"max_size":6,"metrics_granularity":"1Minute","min_elb_capacity":null,"min_size":1,"mixed_instances_policy":[],"name":"my_asg2","placement_group":null,"protect_from_scale_in":false,"suspended_processes":null,"tag":[],"tags":null,"target_group_arns":null,"termination_policies":null,"timeouts":null,"wait_for_capacity_timeout":"10m","wait_for_elb_capacity":null,"warm_pool":[]},"sensitive_values":{"availability_zones":[false],"initial_lifecycle_hook":[],"instance_refresh":[],"launch_template":[],"mixed_instances_policy":[],"tag":[],"vpc_zone_identifier":[],"warm_pool":[]}},{"address":"aws_autoscaling_group.my_asg3","mode":"managed","type":"aws_autoscaling_group","name":"my_asg3","provider_name":"registry.terraform.io/hashicorp/aws","schema_version":0,"values":{"availability_zones":["us-west-2b"],"capacity_rebalance":null,"context":null,"default_instance_warmup":null,"desired_capacity":4,"enabled_metrics":null,"force_delete":true,"force_delete_warm_pool":false,"health_check_grace_period":300,"health_check_type":"ELB","initial_lifecycle_hook":[],"instance_refresh":[],"launch_configuration":"my_web_config","launch_template":[],"load_balancers":null,"max_instance_lifetime":null,"max_size":7,"metrics_granularity":"1Minute","min_elb_capacity":null,"min_size":1,"mixed_instances_policy":[],"name":"my_asg3","placement_group":null,"protect_from_scale_in":false,"suspended_processes":null,"tag":[],"tags":null,"target_group_arns":null,"termination_policies":null,"timeouts":null,"wait_for_capacity_timeout":"10m","wait_for_elb_capacity":null,"warm_pool":[]},"sensitive_values":{"availability_zones":[false],"initial_lifecycle_hook":[],"instance_refresh":[],"launch_template":[],"mixed_instances_policy":[],"tag":[],"vpc_zone_identifier":[],"warm_pool":[]}},{"address":"aws_iam_role.ec2_s3_access_role","mode":"managed","type":"aws_iam_role","name":"ec2_s3_access_role","provider_name":"registry.terraform.io/hashicorp/aws","schema_version":0,"values":{"assume_role_policy":"{\"Statement\":[{\"Action\":\"sts:AssumeRole\",\"Effect\":\"Allow\",\"Principal\":{\"Service\":\"ec2.amazonaws.com\"},\"Sid\":\"\"}],\"Version\":\"2012-10-17\"}","description":null,"force_detach_policies":false,"max_session_duration":3600,"name":"s3-role","path":"/","permissions_boundary":null,"tags":null},"sensitive_values":{"inline_policy":[],"managed_policy_arns":[],"tags_all":{}}},{"address":"aws_launch_configuration.my_web_config","mode":"managed","type":"aws_launch_configuration","name":"my_web_config","provider_name":"registry.terraform.io/hashicorp/aws","schema_version":0,"values":{"enable_monitoring":true,"ephemeral_block_device":[],"iam_instance_profile":null,"image_id":"ami-09b4b74c","instance_type":"t2.micro","name":"my_web_config","placement_tenancy":null,"security_groups":null,"spot_price":null,"user_data":null,"user_data_base64":null,"vpc_classic_link_id":null,"vpc_classic_link_security_groups":null},"sensitive_values":{"ebs_block_device":[],"ephemeral_block_device":[],"metadata_options":[],"root_block_device":[]}},{"address":"aws_s3_bucket.demos3","mode":"managed","type":"aws_s3_bucket","name":"demos3","provider_name":"registry.terraform.io/hashicorp/aws","schema_version":0,"values":{"acl":"private","bucket":"opa-test","bucket_prefix":null,"force_destroy":false,"tags":null,"timeouts":null},"sensitive_values":{"cors_rule":[],"grant":[],"lifecycle_rule":[],"logging":[],"object_lock_configuration":[],"replication_configuration":[],"server_side_encryption_configuration":[],"tags_all":{},"versioning":[],"website":[]}}]}},"resource_changes":[{"address":"aws_autoscaling_group.my_asg","mode":"managed","type":"aws_autoscaling_group","name":"my_asg","provider_name":"registry.terraform.io/hashicorp/aws","change":{"actions":["create"],"before":null,"after":{"availability_zones":["us-west-1a"],"capacity_rebalance":null,"context":null,"default_instance_warmup":null,"desired_capacity":4,"enabled_metrics":null,"force_delete":true,"force_delete_warm_pool":false,"health_check_grace_period":300,"health_check_type":"ELB","initial_lifecycle_hook":[],"instance_refresh":[],"launch_configuration":"my_web_config","launch_template":[],"load_balancers":null,"max_instance_lifetime":null,"max_size":5,"metrics_granularity":"1Minute","min_elb_capacity":null,"min_size":1,"mixed_instances_policy":[],"name":"my_asg","placement_group":null,"protect_from_scale_in":false,"suspended_processes":null,"tag":[],"tags":null,"target_group_arns":null,"termination_policies":null,"timeouts":null,"wait_for_capacity_timeout":"10m","wait_for_elb_capacity":null,"warm_pool":[]},"after_unknown":{"arn":true,"availability_zones":[false],"default_cooldown":true,"id":true,"initial_lifecycle_hook":[],"instance_refresh":[],"launch_template":[],"mixed_instances_policy":[],"name_prefix":true,"service_linked_role_arn":true,"tag":[],"vpc_zone_identifier":true,"warm_pool":[]},"before_sensitive":false,"after_sensitive":{"availability_zones":[false],"initial_lifecycle_hook":[],"instance_refresh":[],"launch_template":[],"mixed_instances_policy":[],"tag":[],"vpc_zone_identifier":[],"warm_pool":[]}}},{"address":"aws_autoscaling_group.my_asg2","mode":"managed","type":"aws_autoscaling_group","name":"my_asg2","provider_name":"registry.terraform.io/hashicorp/aws","change":{"actions":["create"],"before":null,"after":{"availability_zones":["us-west-2a"],"capacity_rebalance":null,"context":null,"default_instance_warmup":null,"desired_capacity":4,"enabled_metrics":null,"force_delete":true,"force_delete_warm_pool":false,"health_check_grace_period":300,"health_check_type":"ELB","initial_lifecycle_hook":[],"instance_refresh":[],"launch_configuration":"my_web_config","launch_template":[],"load_balancers":null,"max_instance_lifetime":null,"max_size":6,"metrics_granularity":"1Minute","min_elb_capacity":null,"min_size":1,"mixed_instances_policy":[],"name":"my_asg2","placement_group":null,"protect_from_scale_in":false,"suspended_processes":null,"tag":[],"tags":null,"target_group_arns":null,"termination_policies":null,"timeouts":null,"wait_for_capacity_timeout":"10m","wait_for_elb_capacity":null,"warm_pool":[]},"after_unknown":{"arn":true,"availability_zones":[false],"default_cooldown":true,"id":true,"initial_lifecycle_hook":[],"instance_refresh":[],"launch_template":[],"mixed_instances_policy":[],"name_prefix":true,"service_linked_role_arn":true,"tag":[],"vpc_zone_identifier":true,"warm_pool":[]},"before_sensitive":false,"after_sensitive":{"availability_zones":[false],"initial_lifecycle_hook":[],"instance_refresh":[],"launch_template":[],"mixed_instances_policy":[],"tag":[],"vpc_zone_identifier":[],"warm_pool":[]}}},{"address":"aws_autoscaling_group.my_asg3","mode":"managed","type":"aws_autoscaling_group","name":"my_asg3","provider_name":"registry.terraform.io/hashicorp/aws","change":{"actions":["create"],"before":null,"after":{"availability_zones":["us-west-2b"],"capacity_rebalance":null,"context":null,"default_instance_warmup":null,"desired_capacity":4,"enabled_metrics":null,"force_delete":true,"force_delete_warm_pool":false,"health_check_grace_period":300,"health_check_type":"ELB","initial_lifecycle_hook":[],"instance_refresh":[],"launch_configuration":"my_web_config","launch_template":[],"load_balancers":null,"max_instance_lifetime":null,"max_size":7,"metrics_granularity":"1Minute","min_elb_capacity":null,"min_size":1,"mixed_instances_policy":[],"name":"my_asg3","placement_group":null,"protect_from_scale_in":false,"suspended_processes":null,"tag":[],"tags":null,"target_group_arns":null,"termination_policies":null,"timeouts":null,"wait_for_capacity_timeout":"10m","wait_for_elb_capacity":null,"warm_pool":[]},"after_unknown":{"arn":true,"availability_zones":[false],"default_cooldown":true,"id":true,"initial_lifecycle_hook":[],"instance_refresh":[],"launch_template":[],"mixed_instances_policy":[],"name_prefix":true,"service_linked_role_arn":true,"tag":[],"vpc_zone_identifier":true,"warm_pool":[]},"before_sensitive":false,"after_sensitive":{"availability_zones":[false],"initial_lifecycle_hook":[],"instance_refresh":[],"launch_template":[],"mixed_instances_policy":[],"tag":[],"vpc_zone_identifier":[],"warm_pool":[]}}},{"address":"aws_iam_role.ec2_s3_access_role","mode":"managed","type":"aws_iam_role","name":"ec2_s3_access_role","provider_name":"registry.terraform.io/hashicorp/aws","change":{"actions":["create"],"before":null,"after":{"assume_role_policy":"{\"Statement\":[{\"Action\":\"sts:AssumeRole\",\"Effect\":\"Allow\",\"Principal\":{\"Service\":\"ec2.amazonaws.com\"},\"Sid\":\"\"}],\"Version\":\"2012-10-17\"}","description":null,"force_detach_policies":false,"max_session_duration":3600,"name":"s3-role","path":"/","permissions_boundary":null,"tags":null},"after_unknown":{"arn":true,"create_date":true,"id":true,"inline_policy":true,"managed_policy_arns":true,"name_prefix":true,"tags_all":true,"unique_id":true},"before_sensitive":false,"after_sensitive":{"inline_policy":[],"managed_policy_arns":[],"tags_all":{}}}},{"address":"aws_launch_configuration.my_web_config","mode":"managed","type":"aws_launch_configuration","name":"my_web_config","provider_name":"registry.terraform.io/hashicorp/aws","change":{"actions":["create"],"before":null,"after":{"enable_monitoring":true,"ephemeral_block_device":[],"iam_instance_profile":null,"image_id":"ami-09b4b74c","instance_type":"t2.micro","name":"my_web_config","placement_tenancy":null,"security_groups":null,"spot_price":null,"user_data":null,"user_data_base64":null,"vpc_classic_link_id":null,"vpc_classic_link_security_groups":null},"after_unknown":{"arn":true,"associate_public_ip_address":true,"ebs_block_device":true,"ebs_optimized":true,"ephemeral_block_device":[],"id":true,"key_name":true,"metadata_options":true,"name_prefix":true,"root_block_device":true},"before_sensitive":false,"after_sensitive":{"ebs_block_device":[],"ephemeral_block_device":[],"metadata_options":[],"root_block_device":[]}}},{"address":"aws_s3_bucket.demos3","mode":"managed","type":"aws_s3_bucket","name":"demos3","provider_name":"registry.terraform.io/hashicorp/aws","change":{"actions":["create"],"before":null,"after":{"acl":"private","bucket":"opa-test","bucket_prefix":null,"force_destroy":false,"tags":null,"timeouts":null},"after_unknown":{"acceleration_status":true,"arn":true,"bucket_domain_name":true,"bucket_regional_domain_name":true,"cors_rule":true,"grant":true,"hosted_zone_id":true,"id":true,"lifecycle_rule":true,"logging":true,"object_lock_configuration":true,"object_lock_enabled":true,"policy":true,"region":true,"replication_configuration":true,"request_payer":true,"server_side_encryption_configuration":true,"tags_all":true,"versioning":true,"website":true,"website_domain":true,"website_endpoint":true},"before_sensitive":false,"after_sensitive":{"cors_rule":[],"grant":[],"lifecycle_rule":[],"logging":[],"object_lock_configuration":[],"replication_configuration":[],"server_side_encryption_configuration":[],"tags_all":{},"versioning":[],"website":[]}}}],"configuration":{"provider_config":{"aws":{"name":"aws","full_name":"registry.terraform.io/hashicorp/aws","expressions":{"region":{"constant_value":"us-west-1"}}}},"root_module":{"resources":[{"address":"aws_autoscaling_group.my_asg","mode":"managed","type":"aws_autoscaling_group","name":"my_asg","provider_config_key":"aws","expressions":{"availability_zones":{"constant_value":["us-west-1a"]},"desired_capacity":{"constant_value":4},"force_delete":{"constant_value":true},"health_check_grace_period":{"constant_value":300},"health_check_type":{"constant_value":"ELB"},"launch_configuration":{"constant_value":"my_web_config"},"max_size":{"constant_value":5},"min_size":{"constant_value":1},"name":{"constant_value":"my_asg"}},"schema_version":0},{"address":"aws_autoscaling_group.my_asg2","mode":"managed","type":"aws_autoscaling_group","name":"my_asg2","provider_config_key":"aws","expressions":{"availability_zones":{"constant_value":["us-west-2a"]},"desired_capacity":{"constant_value":4},"force_delete":{"constant_value":true},"health_check_grace_period":{"constant_value":300},"health_check_type":{"constant_value":"ELB"},"launch_configuration":{"constant_value":"my_web_config"},"max_size":{"constant_value":6},"min_size":{"constant_value":1},"name":{"constant_value":"my_asg2"}},"schema_version":0},{"address":"aws_autoscaling_group.my_asg3","mode":"managed","type":"aws_autoscaling_group","name":"my_asg3","provider_config_key":"aws","expressions":{"availability_zones":{"constant_value":["us-west-2b"]},"desired_capacity":{"constant_value":4},"force_delete":{"constant_value":true},"health_check_grace_period":{"constant_value":300},"health_check_type":{"constant_value":"ELB"},"launch_configuration":{"constant_value":"my_web_config"},"max_size":{"constant_value":7},"min_size":{"constant_value":1},"name":{"constant_value":"my_asg3"}},"schema_version":0},{"address":"aws_iam_role.ec2_s3_access_role","mode":"managed","type":"aws_iam_role","name":"ec2_s3_access_role","provider_config_key":"aws","expressions":{"assume_role_policy":{},"name":{"constant_value":"s3-role"}},"schema_version":0},{"address":"aws_launch_configuration.my_web_config","mode":"managed","type":"aws_launch_configuration","name":"my_web_config","provider_config_key":"aws","expressions":{"image_id":{"constant_value":"ami-09b4b74c"},"instance_type":{"constant_value":"t2.micro"},"name":{"constant_value":"my_web_config"}},"schema_version":0},{"address":"aws_s3_bucket.demos3","mode":"managed","type":"aws_s3_bucket","name":"demos3","provider_config_key":"aws","expressions":{"acl":{"constant_value":"private"},"bucket":{"constant_value":"opa-test"}},"schema_version":0}]}}}
